
Microsoft Visual Studio Solution File, Format Version 12.00
# Visual Studio Version 17
VisualStudioVersion = 17.5.33414.496
MinimumVisualStudioVersion = 10.0.40219.1
Project("{FAE04EC0-301F-11D3-BF4B-00C04F79EFBC}") = "DataStructureAlgoritham", "DataStructureAlgoritham.csproj", "{ACC74C2A-C9CF-4E47-B369-587F4CD5F60E}"
EndProject
Global
	GlobalSection(SolutionConfigurationPlatforms) = preSolution
		Debug|Any CPU = Debug|Any CPU
		Release|Any CPU = Release|Any CPU
	EndGlobalSection
	GlobalSection(ProjectConfigurationPlatforms) = postSolution
		{ACC74C2A-C9CF-4E47-B369-587F4CD5F60E}.Debug|Any CPU.ActiveCfg = Debug|Any CPU
		{ACC74C2A-C9CF-4E47-B369-587F4CD5F60E}.Debug|Any CPU.Build.0 = Debug|Any CPU
		{ACC74C2A-C9CF-4E47-B369-587F4CD5F60E}.Release|Any CPU.ActiveCfg = Release|Any CPU
		{ACC74C2A-C9CF-4E47-B369-587F4CD5F60E}.Release|Any CPU.Build.0 = Release|Any CPU
	EndGlobalSection
	GlobalSection(SolutionProperties) = preSolution
		HideSolutionNode = FALSE
	EndGlobalSection
	GlobalSection(ExtensibilityGlobals) = postSolution
		SolutionGuid = {D90FF0C8-E791-4021-AD32-ACD81CD97993}
	EndGlobalSection
EndGlobal
